
Microsoft Visual Studio Solution File, Format Version 12.00
# Visual Studio Version 16
VisualStudioVersion = 16.0.31129.286
MinimumVisualStudioVersion = 10.0.40219.1
Project("{9A19103F-16F7-4668-BE54-9A1E7A4F7556}") = "FileOnQ.Prism.Popups.XCT", "src\FileOnQ.Prism.Popups\FileOnQ.Prism.Popups.XCT.csproj", "{1702BEB0-19D3-412C-A7F5-7E8461B6C2A8}"
EndProject
Project("{2150E333-8FDC-42A3-9474-1A3956D46DE8}") = "Sample", "Sample", "{6D34ED50-C855-45DE-8757-1A26EE442CBD}"
EndProject
Project("{9A19103F-16F7-4668-BE54-9A1E7A4F7556}") = "PrismPopupsSample", "sample\PrismPopupsSample\PrismPopupsSample.csproj", "{575020A0-8A65-411A-B79C-7A06EA08F063}"
EndProject
Project("{FAE04EC0-301F-11D3-BF4B-00C04F79EFBC}") = "PrismPopupsSample.Android", "sample\PrismPopupsSample.Android\PrismPopupsSample.Android.csproj", "{79B5C0EA-5183-46BA-9144-9CD94021567F}"
EndProject
Project("{FAE04EC0-301F-11D3-BF4B-00C04F79EFBC}") = "PrismPopupsSample.iOS", "sample\PrismPopupsSample.iOS\PrismPopupsSample.iOS.csproj", "{F244A5DA-BD02-417E-A7A9-7019B0206D4A}"
EndProject
Project("{FAE04EC0-301F-11D3-BF4B-00C04F79EFBC}") = "PrismPopupsSample.UWP", "sample\PrismPopupsSample.UWP\PrismPopupsSample.UWP.csproj", "{08F4B396-4D3B-4E6A-A343-091D02BD5D6D}"
EndProject
Project("{2150E333-8FDC-42A3-9474-1A3956D46DE8}") = ".Solution Items", ".Solution Items", "{F77CAC55-9F59-4A4D-BC7A-B9C6805F014F}"
	ProjectSection(SolutionItems) = preProject
		NuGet.config = NuGet.config
	EndProjectSection
EndProject
Project("{2150E333-8FDC-42A3-9474-1A3956D46DE8}") = ".Build", ".Build", "{9586AE1D-6470-4A2E-8DA7-38179A74E135}"
	ProjectSection(SolutionItems) = preProject
		.github\workflows\dotnet.yml = .github\workflows\dotnet.yml
	EndProjectSection
EndProject
Global
	GlobalSection(SolutionConfigurationPlatforms) = preSolution
		Debug|Any CPU = Debug|Any CPU
		Debug|ARM = Debug|ARM
		Debug|iPhone = Debug|iPhone
		Debug|iPhoneSimulator = Debug|iPhoneSimulator
		Debug|x64 = Debug|x64
		Debug|x86 = Debug|x86
		Release|Any CPU = Release|Any CPU
		Release|ARM = Release|ARM
		Release|iPhone = Release|iPhone
		Release|iPhoneSimulator = Release|iPhoneSimulator
		Release|x64 = Release|x64
		Release|x86 = Release|x86
	EndGlobalSection
	GlobalSection(ProjectConfigurationPlatforms) = postSolution
		{1702BEB0-19D3-412C-A7F5-7E8461B6C2A8}.Debug|Any CPU.ActiveCfg = Debug|Any CPU
		{1702BEB0-19D3-412C-A7F5-7E8461B6C2A8}.Debug|Any CPU.Build.0 = Debug|Any CPU
		{1702BEB0-19D3-412C-A7F5-7E8461B6C2A8}.Debug|ARM.ActiveCfg = Debug|Any CPU
		{1702BEB0-19D3-412C-A7F5-7E8461B6C2A8}.Debug|ARM.Build.0 = Debug|Any CPU
		{1702BEB0-19D3-412C-A7F5-7E8461B6C2A8}.Debug|iPhone.ActiveCfg = Debug|Any CPU
		{1702BEB0-19D3-412C-A7F5-7E8461B6C2A8}.Debug|iPhone.Build.0 = Debug|Any CPU
		{1702BEB0-19D3-412C-A7F5-7E8461B6C2A8}.Debug|iPhoneSimulator.ActiveCfg = Debug|Any CPU
		{1702BEB0-19D3-412C-A7F5-7E8461B6C2A8}.Debug|iPhoneSimulator.Build.0 = Debug|Any CPU
		{1702BEB0-19D3-412C-A7F5-7E8461B6C2A8}.Debug|x64.ActiveCfg = Debug|Any CPU
		{1702BEB0-19D3-412C-A7F5-7E8461B6C2A8}.Debug|x64.Build.0 = Debug|Any CPU
		{1702BEB0-19D3-412C-A7F5-7E8461B6C2A8}.Debug|x86.ActiveCfg = Debug|Any CPU
		{1702BEB0-19D3-412C-A7F5-7E8461B6C2A8}.Debug|x86.Build.0 = Debug|Any CPU
		{1702BEB0-19D3-412C-A7F5-7E8461B6C2A8}.Release|Any CPU.ActiveCfg = Release|Any CPU
		{1702BEB0-19D3-412C-A7F5-7E8461B6C2A8}.Release|Any CPU.Build.0 = Release|Any CPU
		{1702BEB0-19D3-412C-A7F5-7E8461B6C2A8}.Release|ARM.ActiveCfg = Release|Any CPU
		{1702BEB0-19D3-412C-A7F5-7E8461B6C2A8}.Release|ARM.Build.0 = Release|Any CPU
		{1702BEB0-19D3-412C-A7F5-7E8461B6C2A8}.Release|iPhone.ActiveCfg = Release|Any CPU
		{1702BEB0-19D3-412C-A7F5-7E8461B6C2A8}.Release|iPhone.Build.0 = Release|Any CPU
		{1702BEB0-19D3-412C-A7F5-7E8461B6C2A8}.Release|iPhoneSimulator.ActiveCfg = Release|Any CPU
		{1702BEB0-19D3-412C-A7F5-7E8461B6C2A8}.Release|iPhoneSimulator.Build.0 = Release|Any CPU
		{1702BEB0-19D3-412C-A7F5-7E8461B6C2A8}.Release|x64.ActiveCfg = Release|Any CPU
		{1702BEB0-19D3-412C-A7F5-7E8461B6C2A8}.Release|x64.Build.0 = Release|Any CPU
		{1702BEB0-19D3-412C-A7F5-7E8461B6C2A8}.Release|x86.ActiveCfg = Release|Any CPU
		{1702BEB0-19D3-412C-A7F5-7E8461B6C2A8}.Release|x86.Build.0 = Release|Any CPU
		{575020A0-8A65-411A-B79C-7A06EA08F063}.Debug|Any CPU.ActiveCfg = Debug|Any CPU
		{575020A0-8A65-411A-B79C-7A06EA08F063}.Debug|Any CPU.Build.0 = Debug|Any CPU
		{575020A0-8A65-411A-B79C-7A06EA08F063}.Debug|ARM.ActiveCfg = Debug|Any CPU
		{575020A0-8A65-411A-B79C-7A06EA08F063}.Debug|ARM.Build.0 = Debug|Any CPU
		{575020A0-8A65-411A-B79C-7A06EA08F063}.Debug|iPhone.ActiveCfg = Debug|Any CPU
		{575020A0-8A65-411A-B79C-7A06EA08F063}.Debug|iPhone.Build.0 = Debug|Any CPU
		{575020A0-8A65-411A-B79C-7A06EA08F063}.Debug|iPhoneSimulator.ActiveCfg = Debug|Any CPU
		{575020A0-8A65-411A-B79C-7A06EA08F063}.Debug|iPhoneSimulator.Build.0 = Debug|Any CPU
		{575020A0-8A65-411A-B79C-7A06EA08F063}.Debug|x64.ActiveCfg = Debug|Any CPU
		{575020A0-8A65-411A-B79C-7A06EA08F063}.Debug|x64.Build.0 = Debug|Any CPU
		{575020A0-8A65-411A-B79C-7A06EA08F063}.Debug|x86.ActiveCfg = Debug|Any CPU
		{575020A0-8A65-411A-B79C-7A06EA08F063}.Debug|x86.Build.0 = Debug|Any CPU
		{575020A0-8A65-411A-B79C-7A06EA08F063}.Release|Any CPU.ActiveCfg = Release|Any CPU
		{575020A0-8A65-411A-B79C-7A06EA08F063}.Release|Any CPU.Build.0 = Release|Any CPU
		{575020A0-8A65-411A-B79C-7A06EA08F063}.Release|ARM.ActiveCfg = Release|Any CPU
		{575020A0-8A65-411A-B79C-7A06EA08F063}.Release|ARM.Build.0 = Release|Any CPU
		{575020A0-8A65-411A-B79C-7A06EA08F063}.Release|iPhone.ActiveCfg = Release|Any CPU
		{575020A0-8A65-411A-B79C-7A06EA08F063}.Release|iPhone.Build.0 = Release|Any CPU
		{575020A0-8A65-411A-B79C-7A06EA08F063}.Release|iPhoneSimulator.ActiveCfg = Release|Any CPU
		{575020A0-8A65-411A-B79C-7A06EA08F063}.Release|iPhoneSimulator.Build.0 = Release|Any CPU
		{575020A0-8A65-411A-B79C-7A06EA08F063}.Release|x64.ActiveCfg = Release|Any CPU
		{575020A0-8A65-411A-B79C-7A06EA08F063}.Release|x64.Build.0 = Release|Any CPU
		{575020A0-8A65-411A-B79C-7A06EA08F063}.Release|x86.ActiveCfg = Release|Any CPU
		{575020A0-8A65-411A-B79C-7A06EA08F063}.Release|x86.Build.0 = Release|Any CPU
		{79B5C0EA-5183-46BA-9144-9CD94021567F}.Debug|Any CPU.ActiveCfg = Debug|Any CPU
		{79B5C0EA-5183-46BA-9144-9CD94021567F}.Debug|Any CPU.Build.0 = Debug|Any CPU
		{79B5C0EA-5183-46BA-9144-9CD94021567F}.Debug|Any CPU.Deploy.0 = Debug|Any CPU
		{79B5C0EA-5183-46BA-9144-9CD94021567F}.Debug|ARM.ActiveCfg = Debug|Any CPU
		{79B5C0EA-5183-46BA-9144-9CD94021567F}.Debug|ARM.Build.0 = Debug|Any CPU
		{79B5C0EA-5183-46BA-9144-9CD94021567F}.Debug|ARM.Deploy.0 = Debug|Any CPU
		{79B5C0EA-5183-46BA-9144-9CD94021567F}.Debug|iPhone.ActiveCfg = Debug|Any CPU
		{79B5C0EA-5183-46BA-9144-9CD94021567F}.Debug|iPhone.Build.0 = Debug|Any CPU
		{79B5C0EA-5183-46BA-9144-9CD94021567F}.Debug|iPhone.Deploy.0 = Debug|Any CPU
		{79B5C0EA-5183-46BA-9144-9CD94021567F}.Debug|iPhoneSimulator.ActiveCfg = Debug|Any CPU
		{79B5C0EA-5183-46BA-9144-9CD94021567F}.Debug|iPhoneSimulator.Build.0 = Debug|Any CPU
		{79B5C0EA-5183-46BA-9144-9CD94021567F}.Debug|iPhoneSimulator.Deploy.0 = Debug|Any CPU
		{79B5C0EA-5183-46BA-9144-9CD94021567F}.Debug|x64.ActiveCfg = Debug|Any CPU
		{79B5C0EA-5183-46BA-9144-9CD94021567F}.Debug|x64.Build.0 = Debug|Any CPU
		{79B5C0EA-5183-46BA-9144-9CD94021567F}.Debug|x64.Deploy.0 = Debug|Any CPU
		{79B5C0EA-5183-46BA-9144-9CD94021567F}.Debug|x86.ActiveCfg = Debug|Any CPU
		{79B5C0EA-5183-46BA-9144-9CD94021567F}.Debug|x86.Build.0 = Debug|Any CPU
		{79B5C0EA-5183-46BA-9144-9CD94021567F}.Debug|x86.Deploy.0 = Debug|Any CPU
		{79B5C0EA-5183-46BA-9144-9CD94021567F}.Release|Any CPU.ActiveCfg = Release|Any CPU
		{79B5C0EA-5183-46BA-9144-9CD94021567F}.Release|Any CPU.Build.0 = Release|Any CPU
		{79B5C0EA-5183-46BA-9144-9CD94021567F}.Release|Any CPU.Deploy.0 = Release|Any CPU
		{79B5C0EA-5183-46BA-9144-9CD94021567F}.Release|ARM.ActiveCfg = Release|Any CPU
		{79B5C0EA-5183-46BA-9144-9CD94021567F}.Release|ARM.Build.0 = Release|Any CPU
		{79B5C0EA-5183-46BA-9144-9CD94021567F}.Release|ARM.Deploy.0 = Release|Any CPU
		{79B5C0EA-5183-46BA-9144-9CD94021567F}.Release|iPhone.ActiveCfg = Release|Any CPU
		{79B5C0EA-5183-46BA-9144-9CD94021567F}.Release|iPhone.Build.0 = Release|Any CPU
		{79B5C0EA-5183-46BA-9144-9CD94021567F}.Release|iPhone.Deploy.0 = Release|Any CPU
		{79B5C0EA-5183-46BA-9144-9CD94021567F}.Release|iPhoneSimulator.ActiveCfg = Release|Any CPU
		{79B5C0EA-5183-46BA-9144-9CD94021567F}.Release|iPhoneSimulator.Build.0 = Release|Any CPU
		{79B5C0EA-5183-46BA-9144-9CD94021567F}.Release|iPhoneSimulator.Deploy.0 = Release|Any CPU
		{79B5C0EA-5183-46BA-9144-9CD94021567F}.Release|x64.ActiveCfg = Release|Any CPU
		{79B5C0EA-5183-46BA-9144-9CD94021567F}.Release|x64.Build.0 = Release|Any CPU
		{79B5C0EA-5183-46BA-9144-9CD94021567F}.Release|x64.Deploy.0 = Release|Any CPU
		{79B5C0EA-5183-46BA-9144-9CD94021567F}.Release|x86.ActiveCfg = Release|Any CPU
		{79B5C0EA-5183-46BA-9144-9CD94021567F}.Release|x86.Build.0 = Release|Any CPU
		{79B5C0EA-5183-46BA-9144-9CD94021567F}.Release|x86.Deploy.0 = Release|Any CPU
		{F244A5DA-BD02-417E-A7A9-7019B0206D4A}.Debug|Any CPU.ActiveCfg = Debug|iPhoneSimulator
		{F244A5DA-BD02-417E-A7A9-7019B0206D4A}.Debug|ARM.ActiveCfg = Debug|iPhoneSimulator
		{F244A5DA-BD02-417E-A7A9-7019B0206D4A}.Debug|iPhone.ActiveCfg = Debug|iPhone
		{F244A5DA-BD02-417E-A7A9-7019B0206D4A}.Debug|iPhone.Build.0 = Debug|iPhone
		{F244A5DA-BD02-417E-A7A9-7019B0206D4A}.Debug|iPhoneSimulator.ActiveCfg = Debug|iPhoneSimulator
		{F244A5DA-BD02-417E-A7A9-7019B0206D4A}.Debug|iPhoneSimulator.Build.0 = Debug|iPhoneSimulator
		{F244A5DA-BD02-417E-A7A9-7019B0206D4A}.Debug|x64.ActiveCfg = Debug|iPhoneSimulator
		{F244A5DA-BD02-417E-A7A9-7019B0206D4A}.Debug|x86.ActiveCfg = Debug|iPhoneSimulator
		{F244A5DA-BD02-417E-A7A9-7019B0206D4A}.Release|Any CPU.ActiveCfg = Release|iPhoneSimulator
		{F244A5DA-BD02-417E-A7A9-7019B0206D4A}.Release|ARM.ActiveCfg = Release|iPhoneSimulator
		{F244A5DA-BD02-417E-A7A9-7019B0206D4A}.Release|iPhone.ActiveCfg = Release|iPhone
		{F244A5DA-BD02-417E-A7A9-7019B0206D4A}.Release|iPhone.Build.0 = Release|iPhone
		{F244A5DA-BD02-417E-A7A9-7019B0206D4A}.Release|iPhoneSimulator.ActiveCfg = Release|iPhoneSimulator
		{F244A5DA-BD02-417E-A7A9-7019B0206D4A}.Release|iPhoneSimulator.Build.0 = Release|iPhoneSimulator
		{F244A5DA-BD02-417E-A7A9-7019B0206D4A}.Release|x64.ActiveCfg = Release|iPhoneSimulator
		{F244A5DA-BD02-417E-A7A9-7019B0206D4A}.Release|x86.ActiveCfg = Release|iPhoneSimulator
		{08F4B396-4D3B-4E6A-A343-091D02BD5D6D}.Debug|Any CPU.ActiveCfg = Debug|x86
		{08F4B396-4D3B-4E6A-A343-091D02BD5D6D}.Debug|ARM.ActiveCfg = Debug|ARM
		{08F4B396-4D3B-4E6A-A343-091D02BD5D6D}.Debug|ARM.Build.0 = Debug|ARM
		{08F4B396-4D3B-4E6A-A343-091D02BD5D6D}.Debug|ARM.Deploy.0 = Debug|ARM
		{08F4B396-4D3B-4E6A-A343-091D02BD5D6D}.Debug|iPhone.ActiveCfg = Debug|x86
		{08F4B396-4D3B-4E6A-A343-091D02BD5D6D}.Debug|iPhoneSimulator.ActiveCfg = Debug|x86
		{08F4B396-4D3B-4E6A-A343-091D02BD5D6D}.Debug|x64.ActiveCfg = Debug|x64
		{08F4B396-4D3B-4E6A-A343-091D02BD5D6D}.Debug|x64.Build.0 = Debug|x64
		{08F4B396-4D3B-4E6A-A343-091D02BD5D6D}.Debug|x64.Deploy.0 = Debug|x64
		{08F4B396-4D3B-4E6A-A343-091D02BD5D6D}.Debug|x86.ActiveCfg = Debug|x86
		{08F4B396-4D3B-4E6A-A343-091D02BD5D6D}.Debug|x86.Build.0 = Debug|x86
		{08F4B396-4D3B-4E6A-A343-091D02BD5D6D}.Debug|x86.Deploy.0 = Debug|x86
		{08F4B396-4D3B-4E6A-A343-091D02BD5D6D}.Release|Any CPU.ActiveCfg = Release|x86
		{08F4B396-4D3B-4E6A-A343-091D02BD5D6D}.Release|ARM.ActiveCfg = Release|ARM
		{08F4B396-4D3B-4E6A-A343-091D02BD5D6D}.Release|ARM.Build.0 = Release|ARM
		{08F4B396-4D3B-4E6A-A343-091D02BD5D6D}.Release|ARM.Deploy.0 = Release|ARM
		{08F4B396-4D3B-4E6A-A343-091D02BD5D6D}.Release|iPhone.ActiveCfg = Release|x86
		{08F4B396-4D3B-4E6A-A343-091D02BD5D6D}.Release|iPhoneSimulator.ActiveCfg = Release|x86
		{08F4B396-4D3B-4E6A-A343-091D02BD5D6D}.Release|x64.ActiveCfg = Release|x64
		{08F4B396-4D3B-4E6A-A343-091D02BD5D6D}.Release|x64.Build.0 = Release|x64
		{08F4B396-4D3B-4E6A-A343-091D02BD5D6D}.Release|x64.Deploy.0 = Release|x64
		{08F4B396-4D3B-4E6A-A343-091D02BD5D6D}.Release|x86.ActiveCfg = Release|x86
		{08F4B396-4D3B-4E6A-A343-091D02BD5D6D}.Release|x86.Build.0 = Release|x86
		{08F4B396-4D3B-4E6A-A343-091D02BD5D6D}.Release|x86.Deploy.0 = Release|x86
	EndGlobalSection
	GlobalSection(SolutionProperties) = preSolution
		HideSolutionNode = FALSE
	EndGlobalSection
	GlobalSection(NestedProjects) = preSolution
		{575020A0-8A65-411A-B79C-7A06EA08F063} = {6D34ED50-C855-45DE-8757-1A26EE442CBD}
		{79B5C0EA-5183-46BA-9144-9CD94021567F} = {6D34ED50-C855-45DE-8757-1A26EE442CBD}
		{F244A5DA-BD02-417E-A7A9-7019B0206D4A} = {6D34ED50-C855-45DE-8757-1A26EE442CBD}
		{08F4B396-4D3B-4E6A-A343-091D02BD5D6D} = {6D34ED50-C855-45DE-8757-1A26EE442CBD}
	EndGlobalSection
	GlobalSection(ExtensibilityGlobals) = postSolution
		SolutionGuid = {1EEB7E80-E5E3-49BE-B291-CDDF47BA7AE4}
	EndGlobalSection
EndGlobal
