
Microsoft Visual Studio Solution File, Format Version 12.00
# Visual Studio Version 16
VisualStudioVersion = 16.0.31129.286
MinimumVisualStudioVersion = 10.0.40219.1
Project("{9A19103F-16F7-4668-BE54-9A1E7A4F7556}") = "FileOnQ.Prism.Popups.XCT", "src\FileOnQ.Prism.Popups\FileOnQ.Prism.Popups.XCT.csproj", "{1702BEB0-19D3-412C-A7F5-7E8461B6C2A8}"
EndProject
Project("{2150E333-8FDC-42A3-9474-1A3956D46DE8}") = ".Solution Items", ".Solution Items", "{F77CAC55-9F59-4A4D-BC7A-B9C6805F014F}"
	ProjectSection(SolutionItems) = preProject
		NuGet.config = NuGet.config
	EndProjectSection
EndProject
Project("{2150E333-8FDC-42A3-9474-1A3956D46DE8}") = ".Build", ".Build", "{9586AE1D-6470-4A2E-8DA7-38179A74E135}"
	ProjectSection(SolutionItems) = preProject
		.github\workflows\dotnet.yml = .github\workflows\dotnet.yml
	EndProjectSection
EndProject
Global
	GlobalSection(SolutionConfigurationPlatforms) = preSolution
		Debug|Any CPU = Debug|Any CPU
		Debug|ARM = Debug|ARM
		Debug|iPhone = Debug|iPhone
		Debug|iPhoneSimulator = Debug|iPhoneSimulator
		Debug|x64 = Debug|x64
		Debug|x86 = Debug|x86
		Release|Any CPU = Release|Any CPU
		Release|ARM = Release|ARM
		Release|iPhone = Release|iPhone
		Release|iPhoneSimulator = Release|iPhoneSimulator
		Release|x64 = Release|x64
		Release|x86 = Release|x86
	EndGlobalSection
	GlobalSection(ProjectConfigurationPlatforms) = postSolution
		{1702BEB0-19D3-412C-A7F5-7E8461B6C2A8}.Debug|Any CPU.ActiveCfg = Debug|Any CPU
		{1702BEB0-19D3-412C-A7F5-7E8461B6C2A8}.Debug|Any CPU.Build.0 = Debug|Any CPU
		{1702BEB0-19D3-412C-A7F5-7E8461B6C2A8}.Debug|ARM.ActiveCfg = Debug|Any CPU
		{1702BEB0-19D3-412C-A7F5-7E8461B6C2A8}.Debug|ARM.Build.0 = Debug|Any CPU
		{1702BEB0-19D3-412C-A7F5-7E8461B6C2A8}.Debug|iPhone.ActiveCfg = Debug|Any CPU
		{1702BEB0-19D3-412C-A7F5-7E8461B6C2A8}.Debug|iPhone.Build.0 = Debug|Any CPU
		{1702BEB0-19D3-412C-A7F5-7E8461B6C2A8}.Debug|iPhoneSimulator.ActiveCfg = Debug|Any CPU
		{1702BEB0-19D3-412C-A7F5-7E8461B6C2A8}.Debug|iPhoneSimulator.Build.0 = Debug|Any CPU
		{1702BEB0-19D3-412C-A7F5-7E8461B6C2A8}.Debug|x64.ActiveCfg = Debug|Any CPU
		{1702BEB0-19D3-412C-A7F5-7E8461B6C2A8}.Debug|x64.Build.0 = Debug|Any CPU
		{1702BEB0-19D3-412C-A7F5-7E8461B6C2A8}.Debug|x86.ActiveCfg = Debug|Any CPU
		{1702BEB0-19D3-412C-A7F5-7E8461B6C2A8}.Debug|x86.Build.0 = Debug|Any CPU
		{1702BEB0-19D3-412C-A7F5-7E8461B6C2A8}.Release|Any CPU.ActiveCfg = Release|Any CPU
		{1702BEB0-19D3-412C-A7F5-7E8461B6C2A8}.Release|Any CPU.Build.0 = Release|Any CPU
		{1702BEB0-19D3-412C-A7F5-7E8461B6C2A8}.Release|ARM.ActiveCfg = Release|Any CPU
		{1702BEB0-19D3-412C-A7F5-7E8461B6C2A8}.Release|ARM.Build.0 = Release|Any CPU
		{1702BEB0-19D3-412C-A7F5-7E8461B6C2A8}.Release|iPhone.ActiveCfg = Release|Any CPU
		{1702BEB0-19D3-412C-A7F5-7E8461B6C2A8}.Release|iPhone.Build.0 = Release|Any CPU
		{1702BEB0-19D3-412C-A7F5-7E8461B6C2A8}.Release|iPhoneSimulator.ActiveCfg = Release|Any CPU
		{1702BEB0-19D3-412C-A7F5-7E8461B6C2A8}.Release|iPhoneSimulator.Build.0 = Release|Any CPU
		{1702BEB0-19D3-412C-A7F5-7E8461B6C2A8}.Release|x64.ActiveCfg = Release|Any CPU
		{1702BEB0-19D3-412C-A7F5-7E8461B6C2A8}.Release|x64.Build.0 = Release|Any CPU
		{1702BEB0-19D3-412C-A7F5-7E8461B6C2A8}.Release|x86.ActiveCfg = Release|Any CPU
		{1702BEB0-19D3-412C-A7F5-7E8461B6C2A8}.Release|x86.Build.0 = Release|Any CPU
	EndGlobalSection
	GlobalSection(SolutionProperties) = preSolution
		HideSolutionNode = FALSE
	EndGlobalSection
	GlobalSection(ExtensibilityGlobals) = postSolution
		SolutionGuid = {1EEB7E80-E5E3-49BE-B291-CDDF47BA7AE4}
	EndGlobalSection
EndGlobal
